// !$*UTF8*$!
{
	archiveVersion = 1;
	classes = {
	};
	objectVersion = 46;
	objects = {

/* Begin PBXBuildFile section */
		0000D0AD1EA7E0710034C22D /* ChecklistItem.swift in Sources */ = {isa = PBXBuildFile; fileRef = 0000D0AC1EA7E0710034C22D /* ChecklistItem.swift */; };
		00356BC61EA4DC44002B348F /* AppDelegate.swift in Sources */ = {isa = PBXBuildFile; fileRef = 00356BC51EA4DC44002B348F /* AppDelegate.swift */; };
		00356BCB1EA4DC45002B348F /* Main.storyboard in Resources */ = {isa = PBXBuildFile; fileRef = 00356BC91EA4DC45002B348F /* Main.storyboard */; };
		00356BCD1EA4DC46002B348F /* Assets.xcassets in Resources */ = {isa = PBXBuildFile; fileRef = 00356BCC1EA4DC46002B348F /* Assets.xcassets */; };
		00356BD01EA4DC46002B348F /* LaunchScreen.storyboard in Resources */ = {isa = PBXBuildFile; fileRef = 00356BCE1EA4DC46002B348F /* LaunchScreen.storyboard */; };
		00356BDA1EA4E26A002B348F /* CheckListViewController.swift in Sources */ = {isa = PBXBuildFile; fileRef = 00356BD91EA4E26A002B348F /* CheckListViewController.swift */; };
		005ADD611EA4E688003FAF27 /* TableViewCell.swift in Sources */ = {isa = PBXBuildFile; fileRef = 005ADD601EA4E688003FAF27 /* TableViewCell.swift */; };
		008FA7ED1EB52B9E00007778 /* Singleton.swift in Sources */ = {isa = PBXBuildFile; fileRef = 008FA7EC1EB52B9E00007778 /* Singleton.swift */; };
		009EF1F31EAB50B900D11624 /* TableView2.swift in Sources */ = {isa = PBXBuildFile; fileRef = 009EF1F21EAB50B900D11624 /* TableView2.swift */; };
		009EF1F51EAB5C8B00D11624 /* TextFieldCell.swift in Sources */ = {isa = PBXBuildFile; fileRef = 009EF1F41EAB5C8B00D11624 /* TextFieldCell.swift */; };
		00B6F2321EAC10AB006DE0D9 /* MainTableViewController.swift in Sources */ = {isa = PBXBuildFile; fileRef = 00B6F2311EAC10AB006DE0D9 /* MainTableViewController.swift */; };
		00B6F2341EAC14EF006DE0D9 /* MainTableViewCell.swift in Sources */ = {isa = PBXBuildFile; fileRef = 00B6F2331EAC14EF006DE0D9 /* MainTableViewCell.swift */; };
		00B6F2361EAC1BDA006DE0D9 /* MainListItem.swift in Sources */ = {isa = PBXBuildFile; fileRef = 00B6F2351EAC1BDA006DE0D9 /* MainListItem.swift */; };
		00CB5B041EB43AAB00DD4AC3 /* AddingCategoryTableViewController.swift in Sources */ = {isa = PBXBuildFile; fileRef = 00CB5B031EB43AAB00DD4AC3 /* AddingCategoryTableViewController.swift */; };
		00CB5B061EB43D9D00DD4AC3 /* ChooseImageTableViewController.swift in Sources */ = {isa = PBXBuildFile; fileRef = 00CB5B051EB43D9D00DD4AC3 /* ChooseImageTableViewController.swift */; };
		00CB5B081EB440FE00DD4AC3 /* ImageTableViewCell.swift in Sources */ = {isa = PBXBuildFile; fileRef = 00CB5B071EB440FE00DD4AC3 /* ImageTableViewCell.swift */; };
		00DF31D21EAC372D003D5DC7 /* ArrayOfCells.swift in Sources */ = {isa = PBXBuildFile; fileRef = 00DF31D11EAC372D003D5DC7 /* ArrayOfCells.swift */; };
		00DF31D41EAC3887003D5DC7 /* MyString.swift in Sources */ = {isa = PBXBuildFile; fileRef = 00DF31D31EAC3887003D5DC7 /* MyString.swift */; };
/* End PBXBuildFile section */

/* Begin PBXFileReference section */
		0000D0AC1EA7E0710034C22D /* ChecklistItem.swift */ = {isa = PBXFileReference; fileEncoding = 4; lastKnownFileType = sourcecode.swift; path = ChecklistItem.swift; sourceTree = "<group>"; };
		00356BC21EA4DC42002B348F /* Checklists.app */ = {isa = PBXFileReference; explicitFileType = wrapper.application; includeInIndex = 0; path = Checklists.app; sourceTree = BUILT_PRODUCTS_DIR; };
		00356BC51EA4DC44002B348F /* AppDelegate.swift */ = {isa = PBXFileReference; lastKnownFileType = sourcecode.swift; path = AppDelegate.swift; sourceTree = "<group>"; };
		00356BCA1EA4DC45002B348F /* Base */ = {isa = PBXFileReference; lastKnownFileType = file.storyboard; name = Base; path = Base.lproj/Main.storyboard; sourceTree = "<group>"; };
		00356BCC1EA4DC46002B348F /* Assets.xcassets */ = {isa = PBXFileReference; lastKnownFileType = folder.assetcatalog; path = Assets.xcassets; sourceTree = "<group>"; };
		00356BCF1EA4DC46002B348F /* Base */ = {isa = PBXFileReference; lastKnownFileType = file.storyboard; name = Base; path = Base.lproj/LaunchScreen.storyboard; sourceTree = "<group>"; };
		00356BD11EA4DC47002B348F /* Info.plist */ = {isa = PBXFileReference; lastKnownFileType = text.plist.xml; path = Info.plist; sourceTree = "<group>"; };
		00356BD91EA4E26A002B348F /* CheckListViewController.swift */ = {isa = PBXFileReference; fileEncoding = 4; lastKnownFileType = sourcecode.swift; path = CheckListViewController.swift; sourceTree = "<group>"; };
		005ADD601EA4E688003FAF27 /* TableViewCell.swift */ = {isa = PBXFileReference; fileEncoding = 4; lastKnownFileType = sourcecode.swift; path = TableViewCell.swift; sourceTree = "<group>"; };
		008FA7EC1EB52B9E00007778 /* Singleton.swift */ = {isa = PBXFileReference; fileEncoding = 4; lastKnownFileType = sourcecode.swift; path = Singleton.swift; sourceTree = "<group>"; };
		009EF1F21EAB50B900D11624 /* TableView2.swift */ = {isa = PBXFileReference; fileEncoding = 4; lastKnownFileType = sourcecode.swift; name = TableView2.swift; path = "../../../Amr Osama/amr presenation cps/matlab assignemt .fpbf/TableView2.swift"; sourceTree = "<group>"; };
		009EF1F41EAB5C8B00D11624 /* TextFieldCell.swift */ = {isa = PBXFileReference; fileEncoding = 4; lastKnownFileType = sourcecode.swift; path = TextFieldCell.swift; sourceTree = "<group>"; };
		00B6F2311EAC10AB006DE0D9 /* MainTableViewController.swift */ = {isa = PBXFileReference; fileEncoding = 4; lastKnownFileType = sourcecode.swift; path = MainTableViewController.swift; sourceTree = "<group>"; };
		00B6F2331EAC14EF006DE0D9 /* MainTableViewCell.swift */ = {isa = PBXFileReference; fileEncoding = 4; lastKnownFileType = sourcecode.swift; path = MainTableViewCell.swift; sourceTree = "<group>"; };
		00B6F2351EAC1BDA006DE0D9 /* MainListItem.swift */ = {isa = PBXFileReference; fileEncoding = 4; lastKnownFileType = sourcecode.swift; path = MainListItem.swift; sourceTree = "<group>"; };
		00CB5B031EB43AAB00DD4AC3 /* AddingCategoryTableViewController.swift */ = {isa = PBXFileReference; fileEncoding = 4; lastKnownFileType = sourcecode.swift; path = AddingCategoryTableViewController.swift; sourceTree = "<group>"; };
		00CB5B051EB43D9D00DD4AC3 /* ChooseImageTableViewController.swift */ = {isa = PBXFileReference; fileEncoding = 4; lastKnownFileType = sourcecode.swift; path = ChooseImageTableViewController.swift; sourceTree = "<group>"; };
		00CB5B071EB440FE00DD4AC3 /* ImageTableViewCell.swift */ = {isa = PBXFileReference; fileEncoding = 4; lastKnownFileType = sourcecode.swift; path = ImageTableViewCell.swift; sourceTree = "<group>"; };
		00DF31D11EAC372D003D5DC7 /* ArrayOfCells.swift */ = {isa = PBXFileReference; fileEncoding = 4; lastKnownFileType = sourcecode.swift; path = ArrayOfCells.swift; sourceTree = "<group>"; };
		00DF31D31EAC3887003D5DC7 /* MyString.swift */ = {isa = PBXFileReference; fileEncoding = 4; lastKnownFileType = sourcecode.swift; path = MyString.swift; sourceTree = "<group>"; };
/* End PBXFileReference section */

/* Begin PBXFrameworksBuildPhase section */
		00356BBF1EA4DC42002B348F /* Frameworks */ = {
			isa = PBXFrameworksBuildPhase;
			buildActionMask = 2147483647;
			files = (
			);
			runOnlyForDeploymentPostprocessing = 0;
		};
/* End PBXFrameworksBuildPhase section */

/* Begin PBXGroup section */
		00356BB91EA4DC41002B348F = {
			isa = PBXGroup;
			children = (
				00356BC41EA4DC43002B348F /* Checklists */,
				00356BC31EA4DC42002B348F /* Products */,
			);
			sourceTree = "<group>";
		};
		00356BC31EA4DC42002B348F /* Products */ = {
			isa = PBXGroup;
			children = (
				00356BC21EA4DC42002B348F /* Checklists.app */,
			);
			name = Products;
			sourceTree = "<group>";
		};
		00356BC41EA4DC43002B348F /* Checklists */ = {
			isa = PBXGroup;
			children = (
				00356BD91EA4E26A002B348F /* CheckListViewController.swift */,
				0000D0AC1EA7E0710034C22D /* ChecklistItem.swift */,
				00356BC51EA4DC44002B348F /* AppDelegate.swift */,
				00356BC91EA4DC45002B348F /* Main.storyboard */,
				00356BCC1EA4DC46002B348F /* Assets.xcassets */,
				00356BCE1EA4DC46002B348F /* LaunchScreen.storyboard */,
				00356BD11EA4DC47002B348F /* Info.plist */,
				005ADD601EA4E688003FAF27 /* TableViewCell.swift */,
				009EF1F21EAB50B900D11624 /* TableView2.swift */,
				009EF1F41EAB5C8B00D11624 /* TextFieldCell.swift */,
				00B6F2311EAC10AB006DE0D9 /* MainTableViewController.swift */,
				00B6F2331EAC14EF006DE0D9 /* MainTableViewCell.swift */,
				00B6F2351EAC1BDA006DE0D9 /* MainListItem.swift */,
				00DF31D11EAC372D003D5DC7 /* ArrayOfCells.swift */,
				00DF31D31EAC3887003D5DC7 /* MyString.swift */,
				00CB5B031EB43AAB00DD4AC3 /* AddingCategoryTableViewController.swift */,
				00CB5B051EB43D9D00DD4AC3 /* ChooseImageTableViewController.swift */,
				00CB5B071EB440FE00DD4AC3 /* ImageTableViewCell.swift */,
				008FA7EC1EB52B9E00007778 /* Singleton.swift */,
			);
			path = Checklists;
			sourceTree = "<group>";
		};
/* End PBXGroup section */

/* Begin PBXNativeTarget section */
		00356BC11EA4DC42002B348F /* Checklists */ = {
			isa = PBXNativeTarget;
			buildConfigurationList = 00356BD41EA4DC47002B348F /* Build configuration list for PBXNativeTarget "Checklists" */;
			buildPhases = (
				00356BBE1EA4DC42002B348F /* Sources */,
				00356BBF1EA4DC42002B348F /* Frameworks */,
				00356BC01EA4DC42002B348F /* Resources */,
			);
			buildRules = (
			);
			dependencies = (
			);
			name = Checklists;
			productName = Checklists;
			productReference = 00356BC21EA4DC42002B348F /* Checklists.app */;
			productType = "com.apple.product-type.application";
		};
/* End PBXNativeTarget section */

/* Begin PBXProject section */
		00356BBA1EA4DC41002B348F /* Project object */ = {
			isa = PBXProject;
			attributes = {
				LastSwiftUpdateCheck = 0810;
				LastUpgradeCheck = 0810;
				ORGANIZATIONNAME = a;
				TargetAttributes = {
					00356BC11EA4DC42002B348F = {
						CreatedOnToolsVersion = 8.1;
						ProvisioningStyle = Automatic;
					};
				};
			};
			buildConfigurationList = 00356BBD1EA4DC41002B348F /* Build configuration list for PBXProject "Checklists" */;
			compatibilityVersion = "Xcode 3.2";
			developmentRegion = English;
			hasScannedForEncodings = 0;
			knownRegions = (
				en,
				Base,
			);
			mainGroup = 00356BB91EA4DC41002B348F;
			productRefGroup = 00356BC31EA4DC42002B348F /* Products */;
			projectDirPath = "";
			projectRoot = "";
			targets = (
				00356BC11EA4DC42002B348F /* Checklists */,
			);
		};
/* End PBXProject section */

/* Begin PBXResourcesBuildPhase section */
		00356BC01EA4DC42002B348F /* Resources */ = {
			isa = PBXResourcesBuildPhase;
			buildActionMask = 2147483647;
			files = (
				00356BD01EA4DC46002B348F /* LaunchScreen.storyboard in Resources */,
				00356BCD1EA4DC46002B348F /* Assets.xcassets in Resources */,
				00356BCB1EA4DC45002B348F /* Main.storyboard in Resources */,
			);
			runOnlyForDeploymentPostprocessing = 0;
		};
/* End PBXResourcesBuildPhase section */

/* Begin PBXSourcesBuildPhase section */
		00356BBE1EA4DC42002B348F /* Sources */ = {
			isa = PBXSourcesBuildPhase;
			buildActionMask = 2147483647;
			files = (
				00DF31D21EAC372D003D5DC7 /* ArrayOfCells.swift in Sources */,
				00B6F2361EAC1BDA006DE0D9 /* MainListItem.swift in Sources */,
				009EF1F31EAB50B900D11624 /* TableView2.swift in Sources */,
				00CB5B061EB43D9D00DD4AC3 /* ChooseImageTableViewController.swift in Sources */,
				0000D0AD1EA7E0710034C22D /* ChecklistItem.swift in Sources */,
				00CB5B041EB43AAB00DD4AC3 /* AddingCategoryTableViewController.swift in Sources */,
				00B6F2341EAC14EF006DE0D9 /* MainTableViewCell.swift in Sources */,
				00CB5B081EB440FE00DD4AC3 /* ImageTableViewCell.swift in Sources */,
				005ADD611EA4E688003FAF27 /* TableViewCell.swift in Sources */,
				00356BDA1EA4E26A002B348F /* CheckListViewController.swift in Sources */,
				00356BC61EA4DC44002B348F /* AppDelegate.swift in Sources */,
				009EF1F51EAB5C8B00D11624 /* TextFieldCell.swift in Sources */,
				00B6F2321EAC10AB006DE0D9 /* MainTableViewController.swift in Sources */,
				008FA7ED1EB52B9E00007778 /* Singleton.swift in Sources */,
				00DF31D41EAC3887003D5DC7 /* MyString.swift in Sources */,
			);
			runOnlyForDeploymentPostprocessing = 0;
		};
/* End PBXSourcesBuildPhase section */

/* Begin PBXVariantGroup section */
		00356BC91EA4DC45002B348F /* Main.storyboard */ = {
			isa = PBXVariantGroup;
			children = (
				00356BCA1EA4DC45002B348F /* Base */,
			);
			name = Main.storyboard;
			sourceTree = "<group>";
		};
		00356BCE1EA4DC46002B348F /* LaunchScreen.storyboard */ = {
			isa = PBXVariantGroup;
			children = (
				00356BCF1EA4DC46002B348F /* Base */,
			);
			name = LaunchScreen.storyboard;
			sourceTree = "<group>";
		};
/* End PBXVariantGroup section */

/* Begin XCBuildConfiguration section */
		00356BD21EA4DC47002B348F /* Debug */ = {
			isa = XCBuildConfiguration;
			buildSettings = {
				ALWAYS_SEARCH_USER_PATHS = NO;
				CLANG_ANALYZER_NONNULL = YES;
				CLANG_CXX_LANGUAGE_STANDARD = "gnu++0x";
				CLANG_CXX_LIBRARY = "libc++";
				CLANG_ENABLE_MODULES = YES;
				CLANG_ENABLE_OBJC_ARC = YES;
				CLANG_WARN_BOOL_CONVERSION = YES;
				CLANG_WARN_CONSTANT_CONVERSION = YES;
				CLANG_WARN_DIRECT_OBJC_ISA_USAGE = YES_ERROR;
				CLANG_WARN_DOCUMENTATION_COMMENTS = YES;
				CLANG_WARN_EMPTY_BODY = YES;
				CLANG_WARN_ENUM_CONVERSION = YES;
				CLANG_WARN_INFINITE_RECURSION = YES;
				CLANG_WARN_INT_CONVERSION = YES;
				CLANG_WARN_OBJC_ROOT_CLASS = YES_ERROR;
				CLANG_WARN_SUSPICIOUS_MOVES = YES;
				CLANG_WARN_UNREACHABLE_CODE = YES;
				CLANG_WARN__DUPLICATE_METHOD_MATCH = YES;
				"CODE_SIGN_IDENTITY[sdk=iphoneos*]" = "iPhone Developer";
				COPY_PHASE_STRIP = NO;
				DEBUG_INFORMATION_FORMAT = dwarf;
				ENABLE_STRICT_OBJC_MSGSEND = YES;
				ENABLE_TESTABILITY = YES;
				GCC_C_LANGUAGE_STANDARD = gnu99;
				GCC_DYNAMIC_NO_PIC = NO;
				GCC_NO_COMMON_BLOCKS = YES;
				GCC_OPTIMIZATION_LEVEL = 0;
				GCC_PREPROCESSOR_DEFINITIONS = (
					"DEBUG=1",
					"$(inherited)",
				);
				GCC_WARN_64_TO_32_BIT_CONVERSION = YES;
				GCC_WARN_ABOUT_RETURN_TYPE = YES_ERROR;
				GCC_WARN_UNDECLARED_SELECTOR = YES;
				GCC_WARN_UNINITIALIZED_AUTOS = YES_AGGRESSIVE;
				GCC_WARN_UNUSED_FUNCTION = YES;
				GCC_WARN_UNUSED_VARIABLE = YES;
				IPHONEOS_DEPLOYMENT_TARGET = 10.1;
				MTL_ENABLE_DEBUG_INFO = YES;
				ONLY_ACTIVE_ARCH = YES;
				SDKROOT = iphoneos;
				SWIFT_ACTIVE_COMPILATION_CONDITIONS = DEBUG;
				SWIFT_OPTIMIZATION_LEVEL = "-Onone";
				TARGETED_DEVICE_FAMILY = "1,2";
			};
			name = Debug;
		};
		00356BD31EA4DC47002B348F /* Release */ = {
			isa = XCBuildConfiguration;
			buildSettings = {
				ALWAYS_SEARCH_USER_PATHS = NO;
				CLANG_ANALYZER_NONNULL = YES;
				CLANG_CXX_LANGUAGE_STANDARD = "gnu++0x";
				CLANG_CXX_LIBRARY = "libc++";
				CLANG_ENABLE_MODULES = YES;
				CLANG_ENABLE_OBJC_ARC = YES;
				CLANG_WARN_BOOL_CONVERSION = YES;
				CLANG_WARN_CONSTANT_CONVERSION = YES;
				CLANG_WARN_DIRECT_OBJC_ISA_USAGE = YES_ERROR;
				CLANG_WARN_DOCUMENTATION_COMMENTS = YES;
				CLANG_WARN_EMPTY_BODY = YES;
				CLANG_WARN_ENUM_CONVERSION = YES;
				CLANG_WARN_INFINITE_RECURSION = YES;
				CLANG_WARN_INT_CONVERSION = YES;
				CLANG_WARN_OBJC_ROOT_CLASS = YES_ERROR;
				CLANG_WARN_SUSPICIOUS_MOVES = YES;
				CLANG_WARN_UNREACHABLE_CODE = YES;
				CLANG_WARN__DUPLICATE_METHOD_MATCH = YES;
				"CODE_SIGN_IDENTITY[sdk=iphoneos*]" = "iPhone Developer";
				COPY_PHASE_STRIP = NO;
				DEBUG_INFORMATION_FORMAT = "dwarf-with-dsym";
				ENABLE_NS_ASSERTIONS = NO;
				ENABLE_STRICT_OBJC_MSGSEND = YES;
				GCC_C_LANGUAGE_STANDARD = gnu99;
				GCC_NO_COMMON_BLOCKS = YES;
				GCC_WARN_64_TO_32_BIT_CONVERSION = YES;
				GCC_WARN_ABOUT_RETURN_TYPE = YES_ERROR;
				GCC_WARN_UNDECLARED_SELECTOR = YES;
				GCC_WARN_UNINITIALIZED_AUTOS = YES_AGGRESSIVE;
				GCC_WARN_UNUSED_FUNCTION = YES;
				GCC_WARN_UNUSED_VARIABLE = YES;
				IPHONEOS_DEPLOYMENT_TARGET = 10.1;
				MTL_ENABLE_DEBUG_INFO = NO;
				SDKROOT = iphoneos;
				SWIFT_OPTIMIZATION_LEVEL = "-Owholemodule";
				TARGETED_DEVICE_FAMILY = "1,2";
				VALIDATE_PRODUCT = YES;
			};
			name = Release;
		};
		00356BD51EA4DC47002B348F /* Debug */ = {
			isa = XCBuildConfiguration;
			buildSettings = {
				ASSETCATALOG_COMPILER_APPICON_NAME = AppIcon;
				INFOPLIST_FILE = Checklists/Info.plist;
				LD_RUNPATH_SEARCH_PATHS = "$(inherited) @executable_path/Frameworks";
				PRODUCT_BUNDLE_IDENTIFIER = amrosama.Checklists;
				PRODUCT_NAME = "$(TARGET_NAME)";
				SWIFT_VERSION = 3.0;
			};
			name = Debug;
		};
		00356BD61EA4DC47002B348F /* Release */ = {
			isa = XCBuildConfiguration;
			buildSettings = {
				ASSETCATALOG_COMPILER_APPICON_NAME = AppIcon;
				INFOPLIST_FILE = Checklists/Info.plist;
				LD_RUNPATH_SEARCH_PATHS = "$(inherited) @executable_path/Frameworks";
				PRODUCT_BUNDLE_IDENTIFIER = amrosama.Checklists;
				PRODUCT_NAME = "$(TARGET_NAME)";
				SWIFT_VERSION = 3.0;
			};
			name = Release;
		};
/* End XCBuildConfiguration section */

/* Begin XCConfigurationList section */
		00356BBD1EA4DC41002B348F /* Build configuration list for PBXProject "Checklists" */ = {
			isa = XCConfigurationList;
			buildConfigurations = (
				00356BD21EA4DC47002B348F /* Debug */,
				00356BD31EA4DC47002B348F /* Release */,
			);
			defaultConfigurationIsVisible = 0;
			defaultConfigurationName = Release;
		};
		00356BD41EA4DC47002B348F /* Build configuration list for PBXNativeTarget "Checklists" */ = {
			isa = XCConfigurationList;
			buildConfigurations = (
				00356BD51EA4DC47002B348F /* Debug */,
				00356BD61EA4DC47002B348F /* Release */,
			);
			defaultConfigurationIsVisible = 0;
			defaultConfigurationName = Release;
		};
/* End XCConfigurationList section */
	};
	rootObject = 00356BBA1EA4DC41002B348F /* Project object */;
}
